// !$*UTF8*$!
{
	archiveVersion = 1;
	classes = {
	};
	objectVersion = 56;
	objects = {

/* Begin PBXBuildFile section */
		6FFD1D092C54A72D00B89848 /* SignInView.swift in Sources */ = {isa = PBXBuildFile; fileRef = 6FFD1D082C54A72D00B89848 /* SignInView.swift */; };
		6FFD1D0B2C54A75900B89848 /* CreateAccountView.swift in Sources */ = {isa = PBXBuildFile; fileRef = 6FFD1D0A2C54A75900B89848 /* CreateAccountView.swift */; };
		E5F77CC72C549338003A2A43 /* AuthViewModel.swift in Sources */ = {isa = PBXBuildFile; fileRef = E5F77CC62C549338003A2A43 /* AuthViewModel.swift */; };
		E5F77D032C549524003A2A43 /* FirebaseAnalytics in Frameworks */ = {isa = PBXBuildFile; productRef = E5F77D022C549524003A2A43 /* FirebaseAnalytics */; };
		E5F77D052C549524003A2A43 /* FirebaseAnalyticsOnDeviceConversion in Frameworks */ = {isa = PBXBuildFile; productRef = E5F77D042C549524003A2A43 /* FirebaseAnalyticsOnDeviceConversion */; };
		E5F77D072C549524003A2A43 /* FirebaseAnalyticsSwift in Frameworks */ = {isa = PBXBuildFile; productRef = E5F77D062C549524003A2A43 /* FirebaseAnalyticsSwift */; };
		E5F77D092C549524003A2A43 /* FirebaseAnalyticsWithoutAdIdSupport in Frameworks */ = {isa = PBXBuildFile; productRef = E5F77D082C549524003A2A43 /* FirebaseAnalyticsWithoutAdIdSupport */; };
		E5F77D0B2C549524003A2A43 /* FirebaseAppCheck in Frameworks */ = {isa = PBXBuildFile; productRef = E5F77D0A2C549524003A2A43 /* FirebaseAppCheck */; };
		E5F77D0D2C549524003A2A43 /* FirebaseAppDistribution-Beta in Frameworks */ = {isa = PBXBuildFile; productRef = E5F77D0C2C549524003A2A43 /* FirebaseAppDistribution-Beta */; };
		E5F77D0F2C549524003A2A43 /* FirebaseAuth in Frameworks */ = {isa = PBXBuildFile; productRef = E5F77D0E2C549524003A2A43 /* FirebaseAuth */; };
		E5F77D112C549524003A2A43 /* FirebaseAuthCombine-Community in Frameworks */ = {isa = PBXBuildFile; productRef = E5F77D102C549524003A2A43 /* FirebaseAuthCombine-Community */; };
		E5F77D132C549524003A2A43 /* FirebaseCrashlytics in Frameworks */ = {isa = PBXBuildFile; productRef = E5F77D122C549524003A2A43 /* FirebaseCrashlytics */; };
		E5F77D152C549524003A2A43 /* FirebaseDatabase in Frameworks */ = {isa = PBXBuildFile; productRef = E5F77D142C549524003A2A43 /* FirebaseDatabase */; };
		E5F77D172C549524003A2A43 /* FirebaseDatabaseSwift in Frameworks */ = {isa = PBXBuildFile; productRef = E5F77D162C549524003A2A43 /* FirebaseDatabaseSwift */; };
		E5F77D192C549524003A2A43 /* FirebaseDynamicLinks in Frameworks */ = {isa = PBXBuildFile; productRef = E5F77D182C549524003A2A43 /* FirebaseDynamicLinks */; };
		E5F77D1B2C549524003A2A43 /* FirebaseFirestore in Frameworks */ = {isa = PBXBuildFile; productRef = E5F77D1A2C549524003A2A43 /* FirebaseFirestore */; };
		E5F77D1D2C549524003A2A43 /* FirebaseFirestoreCombine-Community in Frameworks */ = {isa = PBXBuildFile; productRef = E5F77D1C2C549524003A2A43 /* FirebaseFirestoreCombine-Community */; };
		E5F77D1F2C549524003A2A43 /* FirebaseFirestoreSwift in Frameworks */ = {isa = PBXBuildFile; productRef = E5F77D1E2C549524003A2A43 /* FirebaseFirestoreSwift */; };
		E5F77D212C549524003A2A43 /* FirebaseFunctions in Frameworks */ = {isa = PBXBuildFile; productRef = E5F77D202C549524003A2A43 /* FirebaseFunctions */; };
		E5F77D232C549524003A2A43 /* FirebaseFunctionsCombine-Community in Frameworks */ = {isa = PBXBuildFile; productRef = E5F77D222C549524003A2A43 /* FirebaseFunctionsCombine-Community */; };
		E5F77D252C549524003A2A43 /* FirebaseInAppMessaging-Beta in Frameworks */ = {isa = PBXBuildFile; productRef = E5F77D242C549524003A2A43 /* FirebaseInAppMessaging-Beta */; };
		E5F77D272C549524003A2A43 /* FirebaseInAppMessagingSwift-Beta in Frameworks */ = {isa = PBXBuildFile; productRef = E5F77D262C549524003A2A43 /* FirebaseInAppMessagingSwift-Beta */; };
		E5F77D292C549524003A2A43 /* FirebaseInstallations in Frameworks */ = {isa = PBXBuildFile; productRef = E5F77D282C549524003A2A43 /* FirebaseInstallations */; };
		E5F77D2B2C549524003A2A43 /* FirebaseMLModelDownloader in Frameworks */ = {isa = PBXBuildFile; productRef = E5F77D2A2C549524003A2A43 /* FirebaseMLModelDownloader */; };
		E5F77D2D2C549524003A2A43 /* FirebaseMessaging in Frameworks */ = {isa = PBXBuildFile; productRef = E5F77D2C2C549524003A2A43 /* FirebaseMessaging */; };
		E5F77D2F2C549525003A2A43 /* FirebasePerformance in Frameworks */ = {isa = PBXBuildFile; productRef = E5F77D2E2C549525003A2A43 /* FirebasePerformance */; };
		E5F77D312C549525003A2A43 /* FirebaseRemoteConfig in Frameworks */ = {isa = PBXBuildFile; productRef = E5F77D302C549525003A2A43 /* FirebaseRemoteConfig */; };
		E5F77D332C549525003A2A43 /* FirebaseRemoteConfigSwift in Frameworks */ = {isa = PBXBuildFile; productRef = E5F77D322C549525003A2A43 /* FirebaseRemoteConfigSwift */; };
		E5F77D352C549525003A2A43 /* FirebaseStorage in Frameworks */ = {isa = PBXBuildFile; productRef = E5F77D342C549525003A2A43 /* FirebaseStorage */; };
		E5F77D372C549525003A2A43 /* FirebaseStorageCombine-Community in Frameworks */ = {isa = PBXBuildFile; productRef = E5F77D362C549525003A2A43 /* FirebaseStorageCombine-Community */; };
		E5F77D392C549525003A2A43 /* FirebaseVertexAI-Preview in Frameworks */ = {isa = PBXBuildFile; productRef = E5F77D382C549525003A2A43 /* FirebaseVertexAI-Preview */; };
		E5F77D3B2C54B0DE003A2A43 /* GoogleService-Info.plist in Resources */ = {isa = PBXBuildFile; fileRef = E5F77D3A2C54B0DE003A2A43 /* GoogleService-Info.plist */; };
		E5F77D402C54CC59003A2A43 /* ArcGISToolkit in Frameworks */ = {isa = PBXBuildFile; productRef = E5F77D3F2C54CC59003A2A43 /* ArcGISToolkit */; };
		F57EE2932C5491260015A482 /* HeaderView.swift in Sources */ = {isa = PBXBuildFile; fileRef = F57EE2922C5491260015A482 /* HeaderView.swift */; };
		F58AF2AA2C5455D300B9881C /* TourisApp.swift in Sources */ = {isa = PBXBuildFile; fileRef = F58AF2A92C5455D300B9881C /* TourisApp.swift */; };
		F58AF2AC2C5455D300B9881C /* ContentView.swift in Sources */ = {isa = PBXBuildFile; fileRef = F58AF2AB2C5455D300B9881C /* ContentView.swift */; };
		F58AF2AE2C5455D500B9881C /* Assets.xcassets in Resources */ = {isa = PBXBuildFile; fileRef = F58AF2AD2C5455D500B9881C /* Assets.xcassets */; };
		F58AF2B22C5455D500B9881C /* Preview Assets.xcassets in Resources */ = {isa = PBXBuildFile; fileRef = F58AF2B12C5455D500B9881C /* Preview Assets.xcassets */; };
		F58AF2BC2C5455D600B9881C /* TourisTests.swift in Sources */ = {isa = PBXBuildFile; fileRef = F58AF2BB2C5455D600B9881C /* TourisTests.swift */; };
		F58AF2C62C5455D600B9881C /* TourisUITests.swift in Sources */ = {isa = PBXBuildFile; fileRef = F58AF2C52C5455D600B9881C /* TourisUITests.swift */; };
		F58AF2C82C5455D600B9881C /* TourisUITestsLaunchTests.swift in Sources */ = {isa = PBXBuildFile; fileRef = F58AF2C72C5455D600B9881C /* TourisUITestsLaunchTests.swift */; };
		F58AF2D52C54786E00B9881C /* FeedView.swift in Sources */ = {isa = PBXBuildFile; fileRef = F58AF2D42C54786E00B9881C /* FeedView.swift */; };
		F58AF2D72C5478A200B9881C /* CreatePostView.swift in Sources */ = {isa = PBXBuildFile; fileRef = F58AF2D62C5478A200B9881C /* CreatePostView.swift */; };
		F58AF2D92C5478C500B9881C /* MyTripView.swift in Sources */ = {isa = PBXBuildFile; fileRef = F58AF2D82C5478C500B9881C /* MyTripView.swift */; };
		F58AF2DB2C5478FA00B9881C /* ExploreView.swift in Sources */ = {isa = PBXBuildFile; fileRef = F58AF2DA2C5478FA00B9881C /* ExploreView.swift */; };
/* End PBXBuildFile section */

/* Begin PBXContainerItemProxy section */
		F58AF2B82C5455D600B9881C /* PBXContainerItemProxy */ = {
			isa = PBXContainerItemProxy;
			containerPortal = F58AF29E2C5455D300B9881C /* Project object */;
			proxyType = 1;
			remoteGlobalIDString = F58AF2A52C5455D300B9881C;
			remoteInfo = Touris;
		};
		F58AF2C22C5455D600B9881C /* PBXContainerItemProxy */ = {
			isa = PBXContainerItemProxy;
			containerPortal = F58AF29E2C5455D300B9881C /* Project object */;
			proxyType = 1;
			remoteGlobalIDString = F58AF2A52C5455D300B9881C;
			remoteInfo = Touris;
		};
/* End PBXContainerItemProxy section */

/* Begin PBXFileReference section */
		6FFD1D082C54A72D00B89848 /* SignInView.swift */ = {isa = PBXFileReference; lastKnownFileType = sourcecode.swift; path = SignInView.swift; sourceTree = "<group>"; };
		6FFD1D0A2C54A75900B89848 /* CreateAccountView.swift */ = {isa = PBXFileReference; lastKnownFileType = sourcecode.swift; path = CreateAccountView.swift; sourceTree = "<group>"; };
		E5F77CC62C549338003A2A43 /* AuthViewModel.swift */ = {isa = PBXFileReference; lastKnownFileType = sourcecode.swift; path = AuthViewModel.swift; sourceTree = "<group>"; };
		E5F77D3A2C54B0DE003A2A43 /* GoogleService-Info.plist */ = {isa = PBXFileReference; fileEncoding = 4; lastKnownFileType = text.plist.xml; name = "GoogleService-Info.plist"; path = "../../../../../../../../Downloads/GoogleService-Info.plist"; sourceTree = "<group>"; };
		F57EE2922C5491260015A482 /* HeaderView.swift */ = {isa = PBXFileReference; lastKnownFileType = sourcecode.swift; path = HeaderView.swift; sourceTree = "<group>"; };
		F58AF2A62C5455D300B9881C /* Touris.app */ = {isa = PBXFileReference; explicitFileType = wrapper.application; includeInIndex = 0; path = Touris.app; sourceTree = BUILT_PRODUCTS_DIR; };
		F58AF2A92C5455D300B9881C /* TourisApp.swift */ = {isa = PBXFileReference; lastKnownFileType = sourcecode.swift; path = TourisApp.swift; sourceTree = "<group>"; };
		F58AF2AB2C5455D300B9881C /* ContentView.swift */ = {isa = PBXFileReference; lastKnownFileType = sourcecode.swift; path = ContentView.swift; sourceTree = "<group>"; };
		F58AF2AD2C5455D500B9881C /* Assets.xcassets */ = {isa = PBXFileReference; lastKnownFileType = folder.assetcatalog; path = Assets.xcassets; sourceTree = "<group>"; };
		F58AF2AF2C5455D500B9881C /* Touris.entitlements */ = {isa = PBXFileReference; lastKnownFileType = text.plist.entitlements; path = Touris.entitlements; sourceTree = "<group>"; };
		F58AF2B12C5455D500B9881C /* Preview Assets.xcassets */ = {isa = PBXFileReference; lastKnownFileType = folder.assetcatalog; path = "Preview Assets.xcassets"; sourceTree = "<group>"; };
		F58AF2B72C5455D600B9881C /* TourisTests.xctest */ = {isa = PBXFileReference; explicitFileType = wrapper.cfbundle; includeInIndex = 0; path = TourisTests.xctest; sourceTree = BUILT_PRODUCTS_DIR; };
		F58AF2BB2C5455D600B9881C /* TourisTests.swift */ = {isa = PBXFileReference; lastKnownFileType = sourcecode.swift; path = TourisTests.swift; sourceTree = "<group>"; };
		F58AF2C12C5455D600B9881C /* TourisUITests.xctest */ = {isa = PBXFileReference; explicitFileType = wrapper.cfbundle; includeInIndex = 0; path = TourisUITests.xctest; sourceTree = BUILT_PRODUCTS_DIR; };
		F58AF2C52C5455D600B9881C /* TourisUITests.swift */ = {isa = PBXFileReference; lastKnownFileType = sourcecode.swift; path = TourisUITests.swift; sourceTree = "<group>"; };
		F58AF2C72C5455D600B9881C /* TourisUITestsLaunchTests.swift */ = {isa = PBXFileReference; lastKnownFileType = sourcecode.swift; path = TourisUITestsLaunchTests.swift; sourceTree = "<group>"; };
		F58AF2D42C54786E00B9881C /* FeedView.swift */ = {isa = PBXFileReference; lastKnownFileType = sourcecode.swift; path = FeedView.swift; sourceTree = "<group>"; };
		F58AF2D62C5478A200B9881C /* CreatePostView.swift */ = {isa = PBXFileReference; lastKnownFileType = sourcecode.swift; path = CreatePostView.swift; sourceTree = "<group>"; };
		F58AF2D82C5478C500B9881C /* MyTripView.swift */ = {isa = PBXFileReference; lastKnownFileType = sourcecode.swift; path = MyTripView.swift; sourceTree = "<group>"; };
		F58AF2DA2C5478FA00B9881C /* ExploreView.swift */ = {isa = PBXFileReference; lastKnownFileType = sourcecode.swift; path = ExploreView.swift; sourceTree = "<group>"; };
/* End PBXFileReference section */

/* Begin PBXFrameworksBuildPhase section */
		F58AF2A32C5455D300B9881C /* Frameworks */ = {
			isa = PBXFrameworksBuildPhase;
			buildActionMask = 2147483647;
			files = (
				E5F77D152C549524003A2A43 /* FirebaseDatabase in Frameworks */,
				E5F77D232C549524003A2A43 /* FirebaseFunctionsCombine-Community in Frameworks */,
				E5F77D1B2C549524003A2A43 /* FirebaseFirestore in Frameworks */,
				E5F77D072C549524003A2A43 /* FirebaseAnalyticsSwift in Frameworks */,
				E5F77D032C549524003A2A43 /* FirebaseAnalytics in Frameworks */,
				E5F77D052C549524003A2A43 /* FirebaseAnalyticsOnDeviceConversion in Frameworks */,
				E5F77D2B2C549524003A2A43 /* FirebaseMLModelDownloader in Frameworks */,
				E5F77D1F2C549524003A2A43 /* FirebaseFirestoreSwift in Frameworks */,
				E5F77D0B2C549524003A2A43 /* FirebaseAppCheck in Frameworks */,
				E5F77D092C549524003A2A43 /* FirebaseAnalyticsWithoutAdIdSupport in Frameworks */,
				E5F77D0F2C549524003A2A43 /* FirebaseAuth in Frameworks */,
				E5F77D132C549524003A2A43 /* FirebaseCrashlytics in Frameworks */,
				E5F77D332C549525003A2A43 /* FirebaseRemoteConfigSwift in Frameworks */,
				E5F77D252C549524003A2A43 /* FirebaseInAppMessaging-Beta in Frameworks */,
				E5F77D172C549524003A2A43 /* FirebaseDatabaseSwift in Frameworks */,
				E5F77D212C549524003A2A43 /* FirebaseFunctions in Frameworks */,
				E5F77D372C549525003A2A43 /* FirebaseStorageCombine-Community in Frameworks */,
				E5F77D312C549525003A2A43 /* FirebaseRemoteConfig in Frameworks */,
				E5F77D0D2C549524003A2A43 /* FirebaseAppDistribution-Beta in Frameworks */,
				E5F77D112C549524003A2A43 /* FirebaseAuthCombine-Community in Frameworks */,
				E5F77D2F2C549525003A2A43 /* FirebasePerformance in Frameworks */,
				E5F77D272C549524003A2A43 /* FirebaseInAppMessagingSwift-Beta in Frameworks */,
				E5F77D402C54CC59003A2A43 /* ArcGISToolkit in Frameworks */,
				E5F77D352C549525003A2A43 /* FirebaseStorage in Frameworks */,
				E5F77D192C549524003A2A43 /* FirebaseDynamicLinks in Frameworks */,
				E5F77D392C549525003A2A43 /* FirebaseVertexAI-Preview in Frameworks */,
				E5F77D1D2C549524003A2A43 /* FirebaseFirestoreCombine-Community in Frameworks */,
				E5F77D2D2C549524003A2A43 /* FirebaseMessaging in Frameworks */,
				E5F77D292C549524003A2A43 /* FirebaseInstallations in Frameworks */,
			);
			runOnlyForDeploymentPostprocessing = 0;
		};
		F58AF2B42C5455D600B9881C /* Frameworks */ = {
			isa = PBXFrameworksBuildPhase;
			buildActionMask = 2147483647;
			files = (
			);
			runOnlyForDeploymentPostprocessing = 0;
		};
		F58AF2BE2C5455D600B9881C /* Frameworks */ = {
			isa = PBXFrameworksBuildPhase;
			buildActionMask = 2147483647;
			files = (
			);
			runOnlyForDeploymentPostprocessing = 0;
		};
/* End PBXFrameworksBuildPhase section */

/* Begin PBXGroup section */
		F58AF29D2C5455D300B9881C = {
			isa = PBXGroup;
			children = (
				F58AF2A82C5455D300B9881C /* Touris */,
				F58AF2BA2C5455D600B9881C /* TourisTests */,
				F58AF2C42C5455D600B9881C /* TourisUITests */,
				F58AF2A72C5455D300B9881C /* Products */,
			);
			sourceTree = "<group>";
		};
		F58AF2A72C5455D300B9881C /* Products */ = {
			isa = PBXGroup;
			children = (
				F58AF2A62C5455D300B9881C /* Touris.app */,
				F58AF2B72C5455D600B9881C /* TourisTests.xctest */,
				F58AF2C12C5455D600B9881C /* TourisUITests.xctest */,
			);
			name = Products;
			sourceTree = "<group>";
		};
		F58AF2A82C5455D300B9881C /* Touris */ = {
			isa = PBXGroup;
			children = (
				E5F77D3A2C54B0DE003A2A43 /* GoogleService-Info.plist */,
				F58AF2A92C5455D300B9881C /* TourisApp.swift */,
				F58AF2AB2C5455D300B9881C /* ContentView.swift */,
				F58AF2AD2C5455D500B9881C /* Assets.xcassets */,
				F58AF2AF2C5455D500B9881C /* Touris.entitlements */,
				F58AF2B02C5455D500B9881C /* Preview Content */,
				F58AF2D42C54786E00B9881C /* FeedView.swift */,
				F58AF2D62C5478A200B9881C /* CreatePostView.swift */,
				F58AF2D82C5478C500B9881C /* MyTripView.swift */,
				F58AF2DA2C5478FA00B9881C /* ExploreView.swift */,
				F57EE2922C5491260015A482 /* HeaderView.swift */,
				E5F77CC62C549338003A2A43 /* AuthViewModel.swift */,
				6FFD1D082C54A72D00B89848 /* SignInView.swift */,
				6FFD1D0A2C54A75900B89848 /* CreateAccountView.swift */,
			);
			path = Touris;
			sourceTree = "<group>";
		};
		F58AF2B02C5455D500B9881C /* Preview Content */ = {
			isa = PBXGroup;
			children = (
				F58AF2B12C5455D500B9881C /* Preview Assets.xcassets */,
			);
			path = "Preview Content";
			sourceTree = "<group>";
		};
		F58AF2BA2C5455D600B9881C /* TourisTests */ = {
			isa = PBXGroup;
			children = (
				F58AF2BB2C5455D600B9881C /* TourisTests.swift */,
			);
			path = TourisTests;
			sourceTree = "<group>";
		};
		F58AF2C42C5455D600B9881C /* TourisUITests */ = {
			isa = PBXGroup;
			children = (
				F58AF2C52C5455D600B9881C /* TourisUITests.swift */,
				F58AF2C72C5455D600B9881C /* TourisUITestsLaunchTests.swift */,
			);
			path = TourisUITests;
			sourceTree = "<group>";
		};
/* End PBXGroup section */

/* Begin PBXNativeTarget section */
		F58AF2A52C5455D300B9881C /* Touris */ = {
			isa = PBXNativeTarget;
			buildConfigurationList = F58AF2CB2C5455D600B9881C /* Build configuration list for PBXNativeTarget "Touris" */;
			buildPhases = (
				F58AF2A22C5455D300B9881C /* Sources */,
				F58AF2A32C5455D300B9881C /* Frameworks */,
				F58AF2A42C5455D300B9881C /* Resources */,
			);
			buildRules = (
			);
			dependencies = (
			);
			name = Touris;
			packageProductDependencies = (
				E5F77D022C549524003A2A43 /* FirebaseAnalytics */,
				E5F77D042C549524003A2A43 /* FirebaseAnalyticsOnDeviceConversion */,
				E5F77D062C549524003A2A43 /* FirebaseAnalyticsSwift */,
				E5F77D082C549524003A2A43 /* FirebaseAnalyticsWithoutAdIdSupport */,
				E5F77D0A2C549524003A2A43 /* FirebaseAppCheck */,
				E5F77D0C2C549524003A2A43 /* FirebaseAppDistribution-Beta */,
				E5F77D0E2C549524003A2A43 /* FirebaseAuth */,
				E5F77D102C549524003A2A43 /* FirebaseAuthCombine-Community */,
				E5F77D122C549524003A2A43 /* FirebaseCrashlytics */,
				E5F77D142C549524003A2A43 /* FirebaseDatabase */,
				E5F77D162C549524003A2A43 /* FirebaseDatabaseSwift */,
				E5F77D182C549524003A2A43 /* FirebaseDynamicLinks */,
				E5F77D1A2C549524003A2A43 /* FirebaseFirestore */,
				E5F77D1C2C549524003A2A43 /* FirebaseFirestoreCombine-Community */,
				E5F77D1E2C549524003A2A43 /* FirebaseFirestoreSwift */,
				E5F77D202C549524003A2A43 /* FirebaseFunctions */,
				E5F77D222C549524003A2A43 /* FirebaseFunctionsCombine-Community */,
				E5F77D242C549524003A2A43 /* FirebaseInAppMessaging-Beta */,
				E5F77D262C549524003A2A43 /* FirebaseInAppMessagingSwift-Beta */,
				E5F77D282C549524003A2A43 /* FirebaseInstallations */,
				E5F77D2A2C549524003A2A43 /* FirebaseMLModelDownloader */,
				E5F77D2C2C549524003A2A43 /* FirebaseMessaging */,
				E5F77D2E2C549525003A2A43 /* FirebasePerformance */,
				E5F77D302C549525003A2A43 /* FirebaseRemoteConfig */,
				E5F77D322C549525003A2A43 /* FirebaseRemoteConfigSwift */,
				E5F77D342C549525003A2A43 /* FirebaseStorage */,
				E5F77D362C549525003A2A43 /* FirebaseStorageCombine-Community */,
				E5F77D382C549525003A2A43 /* FirebaseVertexAI-Preview */,
				E5F77D3F2C54CC59003A2A43 /* ArcGISToolkit */,
			);
			productName = Touris;
			productReference = F58AF2A62C5455D300B9881C /* Touris.app */;
			productType = "com.apple.product-type.application";
		};
		F58AF2B62C5455D600B9881C /* TourisTests */ = {
			isa = PBXNativeTarget;
			buildConfigurationList = F58AF2CE2C5455D600B9881C /* Build configuration list for PBXNativeTarget "TourisTests" */;
			buildPhases = (
				F58AF2B32C5455D600B9881C /* Sources */,
				F58AF2B42C5455D600B9881C /* Frameworks */,
				F58AF2B52C5455D600B9881C /* Resources */,
			);
			buildRules = (
			);
			dependencies = (
				F58AF2B92C5455D600B9881C /* PBXTargetDependency */,
			);
			name = TourisTests;
			productName = TourisTests;
			productReference = F58AF2B72C5455D600B9881C /* TourisTests.xctest */;
			productType = "com.apple.product-type.bundle.unit-test";
		};
		F58AF2C02C5455D600B9881C /* TourisUITests */ = {
			isa = PBXNativeTarget;
			buildConfigurationList = F58AF2D12C5455D600B9881C /* Build configuration list for PBXNativeTarget "TourisUITests" */;
			buildPhases = (
				F58AF2BD2C5455D600B9881C /* Sources */,
				F58AF2BE2C5455D600B9881C /* Frameworks */,
				F58AF2BF2C5455D600B9881C /* Resources */,
			);
			buildRules = (
			);
			dependencies = (
				F58AF2C32C5455D600B9881C /* PBXTargetDependency */,
			);
			name = TourisUITests;
			productName = TourisUITests;
			productReference = F58AF2C12C5455D600B9881C /* TourisUITests.xctest */;
			productType = "com.apple.product-type.bundle.ui-testing";
		};
/* End PBXNativeTarget section */

/* Begin PBXProject section */
		F58AF29E2C5455D300B9881C /* Project object */ = {
			isa = PBXProject;
			attributes = {
				BuildIndependentTargetsInParallel = 1;
				LastSwiftUpdateCheck = 1540;
				LastUpgradeCheck = 1540;
				TargetAttributes = {
					F58AF2A52C5455D300B9881C = {
						CreatedOnToolsVersion = 15.4;
					};
					F58AF2B62C5455D600B9881C = {
						CreatedOnToolsVersion = 15.4;
						TestTargetID = F58AF2A52C5455D300B9881C;
					};
					F58AF2C02C5455D600B9881C = {
						CreatedOnToolsVersion = 15.4;
						TestTargetID = F58AF2A52C5455D300B9881C;
					};
				};
			};
			buildConfigurationList = F58AF2A12C5455D300B9881C /* Build configuration list for PBXProject "Touris" */;
			compatibilityVersion = "Xcode 14.0";
			developmentRegion = en;
			hasScannedForEncodings = 0;
			knownRegions = (
				en,
				Base,
			);
			mainGroup = F58AF29D2C5455D300B9881C;
			packageReferences = (
				E5F77D012C549524003A2A43 /* XCRemoteSwiftPackageReference "firebase-ios-sdk" */,
				E5F77D3E2C54CC59003A2A43 /* XCRemoteSwiftPackageReference "arcgis-maps-sdk-swift-toolkit" */,
			);
			productRefGroup = F58AF2A72C5455D300B9881C /* Products */;
			projectDirPath = "";
			projectRoot = "";
			targets = (
				F58AF2A52C5455D300B9881C /* Touris */,
				F58AF2B62C5455D600B9881C /* TourisTests */,
				F58AF2C02C5455D600B9881C /* TourisUITests */,
			);
		};
/* End PBXProject section */

/* Begin PBXResourcesBuildPhase section */
		F58AF2A42C5455D300B9881C /* Resources */ = {
			isa = PBXResourcesBuildPhase;
			buildActionMask = 2147483647;
			files = (
				F58AF2B22C5455D500B9881C /* Preview Assets.xcassets in Resources */,
				F58AF2AE2C5455D500B9881C /* Assets.xcassets in Resources */,
				E5F77D3B2C54B0DE003A2A43 /* GoogleService-Info.plist in Resources */,
			);
			runOnlyForDeploymentPostprocessing = 0;
		};
		F58AF2B52C5455D600B9881C /* Resources */ = {
			isa = PBXResourcesBuildPhase;
			buildActionMask = 2147483647;
			files = (
			);
			runOnlyForDeploymentPostprocessing = 0;
		};
		F58AF2BF2C5455D600B9881C /* Resources */ = {
			isa = PBXResourcesBuildPhase;
			buildActionMask = 2147483647;
			files = (
			);
			runOnlyForDeploymentPostprocessing = 0;
		};
/* End PBXResourcesBuildPhase section */

/* Begin PBXSourcesBuildPhase section */
		F58AF2A22C5455D300B9881C /* Sources */ = {
			isa = PBXSourcesBuildPhase;
			buildActionMask = 2147483647;
			files = (
				6FFD1D092C54A72D00B89848 /* SignInView.swift in Sources */,
				F58AF2D72C5478A200B9881C /* CreatePostView.swift in Sources */,
				F58AF2AC2C5455D300B9881C /* ContentView.swift in Sources */,
				F58AF2D52C54786E00B9881C /* FeedView.swift in Sources */,
				6FFD1D0B2C54A75900B89848 /* CreateAccountView.swift in Sources */,
				F58AF2AA2C5455D300B9881C /* TourisApp.swift in Sources */,
				E5F77CC72C549338003A2A43 /* AuthViewModel.swift in Sources */,
				F58AF2DB2C5478FA00B9881C /* ExploreView.swift in Sources */,
				F58AF2D92C5478C500B9881C /* MyTripView.swift in Sources */,
				F57EE2932C5491260015A482 /* HeaderView.swift in Sources */,
			);
			runOnlyForDeploymentPostprocessing = 0;
		};
		F58AF2B32C5455D600B9881C /* Sources */ = {
			isa = PBXSourcesBuildPhase;
			buildActionMask = 2147483647;
			files = (
				F58AF2BC2C5455D600B9881C /* TourisTests.swift in Sources */,
			);
			runOnlyForDeploymentPostprocessing = 0;
		};
		F58AF2BD2C5455D600B9881C /* Sources */ = {
			isa = PBXSourcesBuildPhase;
			buildActionMask = 2147483647;
			files = (
				F58AF2C82C5455D600B9881C /* TourisUITestsLaunchTests.swift in Sources */,
				F58AF2C62C5455D600B9881C /* TourisUITests.swift in Sources */,
			);
			runOnlyForDeploymentPostprocessing = 0;
		};
/* End PBXSourcesBuildPhase section */

/* Begin PBXTargetDependency section */
		F58AF2B92C5455D600B9881C /* PBXTargetDependency */ = {
			isa = PBXTargetDependency;
			target = F58AF2A52C5455D300B9881C /* Touris */;
			targetProxy = F58AF2B82C5455D600B9881C /* PBXContainerItemProxy */;
		};
		F58AF2C32C5455D600B9881C /* PBXTargetDependency */ = {
			isa = PBXTargetDependency;
			target = F58AF2A52C5455D300B9881C /* Touris */;
			targetProxy = F58AF2C22C5455D600B9881C /* PBXContainerItemProxy */;
		};
/* End PBXTargetDependency section */

/* Begin XCBuildConfiguration section */
		F58AF2C92C5455D600B9881C /* Debug */ = {
			isa = XCBuildConfiguration;
			buildSettings = {
				ALWAYS_SEARCH_USER_PATHS = NO;
				ASSETCATALOG_COMPILER_GENERATE_SWIFT_ASSET_SYMBOL_EXTENSIONS = YES;
				CLANG_ANALYZER_NONNULL = YES;
				CLANG_ANALYZER_NUMBER_OBJECT_CONVERSION = YES_AGGRESSIVE;
				CLANG_CXX_LANGUAGE_STANDARD = "gnu++20";
				CLANG_ENABLE_MODULES = YES;
				CLANG_ENABLE_OBJC_ARC = YES;
				CLANG_ENABLE_OBJC_WEAK = YES;
				CLANG_WARN_BLOCK_CAPTURE_AUTORELEASING = YES;
				CLANG_WARN_BOOL_CONVERSION = YES;
				CLANG_WARN_COMMA = YES;
				CLANG_WARN_CONSTANT_CONVERSION = YES;
				CLANG_WARN_DEPRECATED_OBJC_IMPLEMENTATIONS = YES;
				CLANG_WARN_DIRECT_OBJC_ISA_USAGE = YES_ERROR;
				CLANG_WARN_DOCUMENTATION_COMMENTS = YES;
				CLANG_WARN_EMPTY_BODY = YES;
				CLANG_WARN_ENUM_CONVERSION = YES;
				CLANG_WARN_INFINITE_RECURSION = YES;
				CLANG_WARN_INT_CONVERSION = YES;
				CLANG_WARN_NON_LITERAL_NULL_CONVERSION = YES;
				CLANG_WARN_OBJC_IMPLICIT_RETAIN_SELF = YES;
				CLANG_WARN_OBJC_LITERAL_CONVERSION = YES;
				CLANG_WARN_OBJC_ROOT_CLASS = YES_ERROR;
				CLANG_WARN_QUOTED_INCLUDE_IN_FRAMEWORK_HEADER = YES;
				CLANG_WARN_RANGE_LOOP_ANALYSIS = YES;
				CLANG_WARN_STRICT_PROTOTYPES = YES;
				CLANG_WARN_SUSPICIOUS_MOVE = YES;
				CLANG_WARN_UNGUARDED_AVAILABILITY = YES_AGGRESSIVE;
				CLANG_WARN_UNREACHABLE_CODE = YES;
				CLANG_WARN__DUPLICATE_METHOD_MATCH = YES;
				COPY_PHASE_STRIP = NO;
				DEBUG_INFORMATION_FORMAT = dwarf;
				ENABLE_STRICT_OBJC_MSGSEND = YES;
				ENABLE_TESTABILITY = YES;
				ENABLE_USER_SCRIPT_SANDBOXING = YES;
				GCC_C_LANGUAGE_STANDARD = gnu17;
				GCC_DYNAMIC_NO_PIC = NO;
				GCC_NO_COMMON_BLOCKS = YES;
				GCC_OPTIMIZATION_LEVEL = 0;
				GCC_PREPROCESSOR_DEFINITIONS = (
					"DEBUG=1",
					"$(inherited)",
				);
				GCC_WARN_64_TO_32_BIT_CONVERSION = YES;
				GCC_WARN_ABOUT_RETURN_TYPE = YES_ERROR;
				GCC_WARN_UNDECLARED_SELECTOR = YES;
				GCC_WARN_UNINITIALIZED_AUTOS = YES_AGGRESSIVE;
				GCC_WARN_UNUSED_FUNCTION = YES;
				GCC_WARN_UNUSED_VARIABLE = YES;
				LOCALIZATION_PREFERS_STRING_CATALOGS = YES;
				MTL_ENABLE_DEBUG_INFO = INCLUDE_SOURCE;
				MTL_FAST_MATH = YES;
				ONLY_ACTIVE_ARCH = YES;
				SWIFT_ACTIVE_COMPILATION_CONDITIONS = "DEBUG $(inherited)";
				SWIFT_OPTIMIZATION_LEVEL = "-Onone";
			};
			name = Debug;
		};
		F58AF2CA2C5455D600B9881C /* Release */ = {
			isa = XCBuildConfiguration;
			buildSettings = {
				ALWAYS_SEARCH_USER_PATHS = NO;
				ASSETCATALOG_COMPILER_GENERATE_SWIFT_ASSET_SYMBOL_EXTENSIONS = YES;
				CLANG_ANALYZER_NONNULL = YES;
				CLANG_ANALYZER_NUMBER_OBJECT_CONVERSION = YES_AGGRESSIVE;
				CLANG_CXX_LANGUAGE_STANDARD = "gnu++20";
				CLANG_ENABLE_MODULES = YES;
				CLANG_ENABLE_OBJC_ARC = YES;
				CLANG_ENABLE_OBJC_WEAK = YES;
				CLANG_WARN_BLOCK_CAPTURE_AUTORELEASING = YES;
				CLANG_WARN_BOOL_CONVERSION = YES;
				CLANG_WARN_COMMA = YES;
				CLANG_WARN_CONSTANT_CONVERSION = YES;
				CLANG_WARN_DEPRECATED_OBJC_IMPLEMENTATIONS = YES;
				CLANG_WARN_DIRECT_OBJC_ISA_USAGE = YES_ERROR;
				CLANG_WARN_DOCUMENTATION_COMMENTS = YES;
				CLANG_WARN_EMPTY_BODY = YES;
				CLANG_WARN_ENUM_CONVERSION = YES;
				CLANG_WARN_INFINITE_RECURSION = YES;
				CLANG_WARN_INT_CONVERSION = YES;
				CLANG_WARN_NON_LITERAL_NULL_CONVERSION = YES;
				CLANG_WARN_OBJC_IMPLICIT_RETAIN_SELF = YES;
				CLANG_WARN_OBJC_LITERAL_CONVERSION = YES;
				CLANG_WARN_OBJC_ROOT_CLASS = YES_ERROR;
				CLANG_WARN_QUOTED_INCLUDE_IN_FRAMEWORK_HEADER = YES;
				CLANG_WARN_RANGE_LOOP_ANALYSIS = YES;
				CLANG_WARN_STRICT_PROTOTYPES = YES;
				CLANG_WARN_SUSPICIOUS_MOVE = YES;
				CLANG_WARN_UNGUARDED_AVAILABILITY = YES_AGGRESSIVE;
				CLANG_WARN_UNREACHABLE_CODE = YES;
				CLANG_WARN__DUPLICATE_METHOD_MATCH = YES;
				COPY_PHASE_STRIP = NO;
				DEBUG_INFORMATION_FORMAT = "dwarf-with-dsym";
				ENABLE_NS_ASSERTIONS = NO;
				ENABLE_STRICT_OBJC_MSGSEND = YES;
				ENABLE_USER_SCRIPT_SANDBOXING = YES;
				GCC_C_LANGUAGE_STANDARD = gnu17;
				GCC_NO_COMMON_BLOCKS = YES;
				GCC_WARN_64_TO_32_BIT_CONVERSION = YES;
				GCC_WARN_ABOUT_RETURN_TYPE = YES_ERROR;
				GCC_WARN_UNDECLARED_SELECTOR = YES;
				GCC_WARN_UNINITIALIZED_AUTOS = YES_AGGRESSIVE;
				GCC_WARN_UNUSED_FUNCTION = YES;
				GCC_WARN_UNUSED_VARIABLE = YES;
				LOCALIZATION_PREFERS_STRING_CATALOGS = YES;
				MTL_ENABLE_DEBUG_INFO = NO;
				MTL_FAST_MATH = YES;
				SWIFT_COMPILATION_MODE = wholemodule;
			};
			name = Release;
		};
		F58AF2CC2C5455D600B9881C /* Debug */ = {
			isa = XCBuildConfiguration;
			buildSettings = {
				ASSETCATALOG_COMPILER_APPICON_NAME = AppIcon;
				ASSETCATALOG_COMPILER_GLOBAL_ACCENT_COLOR_NAME = AccentColor;
				CODE_SIGN_ENTITLEMENTS = Touris/Touris.entitlements;
				CODE_SIGN_STYLE = Automatic;
				CURRENT_PROJECT_VERSION = 1;
				DEVELOPMENT_ASSET_PATHS = "\"Touris/Preview Content\"";
				ENABLE_PREVIEWS = YES;
				GENERATE_INFOPLIST_FILE = YES;
				"INFOPLIST_KEY_UIApplicationSceneManifest_Generation[sdk=iphoneos*]" = YES;
				"INFOPLIST_KEY_UIApplicationSceneManifest_Generation[sdk=iphonesimulator*]" = YES;
				"INFOPLIST_KEY_UIApplicationSupportsIndirectInputEvents[sdk=iphoneos*]" = YES;
				"INFOPLIST_KEY_UIApplicationSupportsIndirectInputEvents[sdk=iphonesimulator*]" = YES;
				"INFOPLIST_KEY_UILaunchScreen_Generation[sdk=iphoneos*]" = YES;
				"INFOPLIST_KEY_UILaunchScreen_Generation[sdk=iphonesimulator*]" = YES;
				"INFOPLIST_KEY_UIStatusBarStyle[sdk=iphoneos*]" = UIStatusBarStyleDefault;
				"INFOPLIST_KEY_UIStatusBarStyle[sdk=iphonesimulator*]" = UIStatusBarStyleDefault;
				INFOPLIST_KEY_UISupportedInterfaceOrientations_iPad = "UIInterfaceOrientationPortrait UIInterfaceOrientationPortraitUpsideDown UIInterfaceOrientationLandscapeLeft UIInterfaceOrientationLandscapeRight";
				INFOPLIST_KEY_UISupportedInterfaceOrientations_iPhone = "UIInterfaceOrientationPortrait UIInterfaceOrientationLandscapeLeft UIInterfaceOrientationLandscapeRight";
				IPHONEOS_DEPLOYMENT_TARGET = 17.5;
				LD_RUNPATH_SEARCH_PATHS = "@executable_path/Frameworks";
				"LD_RUNPATH_SEARCH_PATHS[sdk=macosx*]" = "@executable_path/../Frameworks";
				MACOSX_DEPLOYMENT_TARGET = 14.5;
				MARKETING_VERSION = 1.0;
				PRODUCT_BUNDLE_IDENTIFIER = GedIS.Touris;
				PRODUCT_NAME = "$(TARGET_NAME)";
				SDKROOT = auto;
				SUPPORTED_PLATFORMS = "iphoneos iphonesimulator macosx";
				SWIFT_EMIT_LOC_STRINGS = YES;
				SWIFT_VERSION = 5.0;
				TARGETED_DEVICE_FAMILY = "1,2";
			};
			name = Debug;
		};
		F58AF2CD2C5455D600B9881C /* Release */ = {
			isa = XCBuildConfiguration;
			buildSettings = {
				ASSETCATALOG_COMPILER_APPICON_NAME = AppIcon;
				ASSETCATALOG_COMPILER_GLOBAL_ACCENT_COLOR_NAME = AccentColor;
				CODE_SIGN_ENTITLEMENTS = Touris/Touris.entitlements;
				CODE_SIGN_STYLE = Automatic;
				CURRENT_PROJECT_VERSION = 1;
				DEVELOPMENT_ASSET_PATHS = "\"Touris/Preview Content\"";
				ENABLE_PREVIEWS = YES;
				GENERATE_INFOPLIST_FILE = YES;
				"INFOPLIST_KEY_UIApplicationSceneManifest_Generation[sdk=iphoneos*]" = YES;
				"INFOPLIST_KEY_UIApplicationSceneManifest_Generation[sdk=iphonesimulator*]" = YES;
				"INFOPLIST_KEY_UIApplicationSupportsIndirectInputEvents[sdk=iphoneos*]" = YES;
				"INFOPLIST_KEY_UIApplicationSupportsIndirectInputEvents[sdk=iphonesimulator*]" = YES;
				"INFOPLIST_KEY_UILaunchScreen_Generation[sdk=iphoneos*]" = YES;
				"INFOPLIST_KEY_UILaunchScreen_Generation[sdk=iphonesimulator*]" = YES;
				"INFOPLIST_KEY_UIStatusBarStyle[sdk=iphoneos*]" = UIStatusBarStyleDefault;
				"INFOPLIST_KEY_UIStatusBarStyle[sdk=iphonesimulator*]" = UIStatusBarStyleDefault;
				INFOPLIST_KEY_UISupportedInterfaceOrientations_iPad = "UIInterfaceOrientationPortrait UIInterfaceOrientationPortraitUpsideDown UIInterfaceOrientationLandscapeLeft UIInterfaceOrientationLandscapeRight";
				INFOPLIST_KEY_UISupportedInterfaceOrientations_iPhone = "UIInterfaceOrientationPortrait UIInterfaceOrientationLandscapeLeft UIInterfaceOrientationLandscapeRight";
				IPHONEOS_DEPLOYMENT_TARGET = 17.5;
				LD_RUNPATH_SEARCH_PATHS = "@executable_path/Frameworks";
				"LD_RUNPATH_SEARCH_PATHS[sdk=macosx*]" = "@executable_path/../Frameworks";
				MACOSX_DEPLOYMENT_TARGET = 14.5;
				MARKETING_VERSION = 1.0;
				PRODUCT_BUNDLE_IDENTIFIER = GedIS.Touris;
				PRODUCT_NAME = "$(TARGET_NAME)";
				SDKROOT = auto;
				SUPPORTED_PLATFORMS = "iphoneos iphonesimulator macosx";
				SWIFT_EMIT_LOC_STRINGS = YES;
				SWIFT_VERSION = 5.0;
				TARGETED_DEVICE_FAMILY = "1,2";
			};
			name = Release;
		};
		F58AF2CF2C5455D600B9881C /* Debug */ = {
			isa = XCBuildConfiguration;
			buildSettings = {
				ALWAYS_EMBED_SWIFT_STANDARD_LIBRARIES = YES;
				BUNDLE_LOADER = "$(TEST_HOST)";
				CODE_SIGN_STYLE = Automatic;
				CURRENT_PROJECT_VERSION = 1;
				GENERATE_INFOPLIST_FILE = YES;
				IPHONEOS_DEPLOYMENT_TARGET = 17.5;
				MACOSX_DEPLOYMENT_TARGET = 14.5;
				MARKETING_VERSION = 1.0;
				PRODUCT_BUNDLE_IDENTIFIER = GedIS.TourisTests;
				PRODUCT_NAME = "$(TARGET_NAME)";
				SDKROOT = auto;
				SUPPORTED_PLATFORMS = "iphoneos iphonesimulator macosx";
				SWIFT_EMIT_LOC_STRINGS = NO;
				SWIFT_VERSION = 5.0;
				TARGETED_DEVICE_FAMILY = "1,2";
				TEST_HOST = "$(BUILT_PRODUCTS_DIR)/Touris.app/$(BUNDLE_EXECUTABLE_FOLDER_PATH)/Touris";
			};
			name = Debug;
		};
		F58AF2D02C5455D600B9881C /* Release */ = {
			isa = XCBuildConfiguration;
			buildSettings = {
				ALWAYS_EMBED_SWIFT_STANDARD_LIBRARIES = YES;
				BUNDLE_LOADER = "$(TEST_HOST)";
				CODE_SIGN_STYLE = Automatic;
				CURRENT_PROJECT_VERSION = 1;
				GENERATE_INFOPLIST_FILE = YES;
				IPHONEOS_DEPLOYMENT_TARGET = 17.5;
				MACOSX_DEPLOYMENT_TARGET = 14.5;
				MARKETING_VERSION = 1.0;
				PRODUCT_BUNDLE_IDENTIFIER = GedIS.TourisTests;
				PRODUCT_NAME = "$(TARGET_NAME)";
				SDKROOT = auto;
				SUPPORTED_PLATFORMS = "iphoneos iphonesimulator macosx";
				SWIFT_EMIT_LOC_STRINGS = NO;
				SWIFT_VERSION = 5.0;
				TARGETED_DEVICE_FAMILY = "1,2";
				TEST_HOST = "$(BUILT_PRODUCTS_DIR)/Touris.app/$(BUNDLE_EXECUTABLE_FOLDER_PATH)/Touris";
			};
			name = Release;
		};
		F58AF2D22C5455D600B9881C /* Debug */ = {
			isa = XCBuildConfiguration;
			buildSettings = {
				ALWAYS_EMBED_SWIFT_STANDARD_LIBRARIES = YES;
				CODE_SIGN_STYLE = Automatic;
				CURRENT_PROJECT_VERSION = 1;
				GENERATE_INFOPLIST_FILE = YES;
				IPHONEOS_DEPLOYMENT_TARGET = 17.5;
				MACOSX_DEPLOYMENT_TARGET = 14.5;
				MARKETING_VERSION = 1.0;
				PRODUCT_BUNDLE_IDENTIFIER = GedIS.TourisUITests;
				PRODUCT_NAME = "$(TARGET_NAME)";
				SDKROOT = auto;
				SUPPORTED_PLATFORMS = "iphoneos iphonesimulator macosx";
				SWIFT_EMIT_LOC_STRINGS = NO;
				SWIFT_VERSION = 5.0;
				TARGETED_DEVICE_FAMILY = "1,2";
				TEST_TARGET_NAME = Touris;
			};
			name = Debug;
		};
		F58AF2D32C5455D600B9881C /* Release */ = {
			isa = XCBuildConfiguration;
			buildSettings = {
				ALWAYS_EMBED_SWIFT_STANDARD_LIBRARIES = YES;
				CODE_SIGN_STYLE = Automatic;
				CURRENT_PROJECT_VERSION = 1;
				GENERATE_INFOPLIST_FILE = YES;
				IPHONEOS_DEPLOYMENT_TARGET = 17.5;
				MACOSX_DEPLOYMENT_TARGET = 14.5;
				MARKETING_VERSION = 1.0;
				PRODUCT_BUNDLE_IDENTIFIER = GedIS.TourisUITests;
				PRODUCT_NAME = "$(TARGET_NAME)";
				SDKROOT = auto;
				SUPPORTED_PLATFORMS = "iphoneos iphonesimulator macosx";
				SWIFT_EMIT_LOC_STRINGS = NO;
				SWIFT_VERSION = 5.0;
				TARGETED_DEVICE_FAMILY = "1,2";
				TEST_TARGET_NAME = Touris;
			};
			name = Release;
		};
/* End XCBuildConfiguration section */

/* Begin XCConfigurationList section */
		F58AF2A12C5455D300B9881C /* Build configuration list for PBXProject "Touris" */ = {
			isa = XCConfigurationList;
			buildConfigurations = (
				F58AF2C92C5455D600B9881C /* Debug */,
				F58AF2CA2C5455D600B9881C /* Release */,
			);
			defaultConfigurationIsVisible = 0;
			defaultConfigurationName = Release;
		};
		F58AF2CB2C5455D600B9881C /* Build configuration list for PBXNativeTarget "Touris" */ = {
			isa = XCConfigurationList;
			buildConfigurations = (
				F58AF2CC2C5455D600B9881C /* Debug */,
				F58AF2CD2C5455D600B9881C /* Release */,
			);
			defaultConfigurationIsVisible = 0;
			defaultConfigurationName = Release;
		};
		F58AF2CE2C5455D600B9881C /* Build configuration list for PBXNativeTarget "TourisTests" */ = {
			isa = XCConfigurationList;
			buildConfigurations = (
				F58AF2CF2C5455D600B9881C /* Debug */,
				F58AF2D02C5455D600B9881C /* Release */,
			);
			defaultConfigurationIsVisible = 0;
			defaultConfigurationName = Release;
		};
		F58AF2D12C5455D600B9881C /* Build configuration list for PBXNativeTarget "TourisUITests" */ = {
			isa = XCConfigurationList;
			buildConfigurations = (
				F58AF2D22C5455D600B9881C /* Debug */,
				F58AF2D32C5455D600B9881C /* Release */,
			);
			defaultConfigurationIsVisible = 0;
			defaultConfigurationName = Release;
		};
/* End XCConfigurationList section */

/* Begin XCRemoteSwiftPackageReference section */
		E5F77D012C549524003A2A43 /* XCRemoteSwiftPackageReference "firebase-ios-sdk" */ = {
			isa = XCRemoteSwiftPackageReference;
			repositoryURL = "https://github.com/firebase/firebase-ios-sdk";
			requirement = {
				kind = upToNextMajorVersion;
				minimumVersion = 10.29.0;
			};
		};
		E5F77D3E2C54CC59003A2A43 /* XCRemoteSwiftPackageReference "arcgis-maps-sdk-swift-toolkit" */ = {
			isa = XCRemoteSwiftPackageReference;
			repositoryURL = "https://github.com/Esri/arcgis-maps-sdk-swift-toolkit";
			requirement = {
				kind = upToNextMajorVersion;
				minimumVersion = 200.4.0;
			};
		};
/* End XCRemoteSwiftPackageReference section */

/* Begin XCSwiftPackageProductDependency section */
		E5F77D022C549524003A2A43 /* FirebaseAnalytics */ = {
			isa = XCSwiftPackageProductDependency;
			package = E5F77D012C549524003A2A43 /* XCRemoteSwiftPackageReference "firebase-ios-sdk" */;
			productName = FirebaseAnalytics;
		};
		E5F77D042C549524003A2A43 /* FirebaseAnalyticsOnDeviceConversion */ = {
			isa = XCSwiftPackageProductDependency;
			package = E5F77D012C549524003A2A43 /* XCRemoteSwiftPackageReference "firebase-ios-sdk" */;
			productName = FirebaseAnalyticsOnDeviceConversion;
		};
		E5F77D062C549524003A2A43 /* FirebaseAnalyticsSwift */ = {
			isa = XCSwiftPackageProductDependency;
			package = E5F77D012C549524003A2A43 /* XCRemoteSwiftPackageReference "firebase-ios-sdk" */;
			productName = FirebaseAnalyticsSwift;
		};
		E5F77D082C549524003A2A43 /* FirebaseAnalyticsWithoutAdIdSupport */ = {
			isa = XCSwiftPackageProductDependency;
			package = E5F77D012C549524003A2A43 /* XCRemoteSwiftPackageReference "firebase-ios-sdk" */;
			productName = FirebaseAnalyticsWithoutAdIdSupport;
		};
		E5F77D0A2C549524003A2A43 /* FirebaseAppCheck */ = {
			isa = XCSwiftPackageProductDependency;
			package = E5F77D012C549524003A2A43 /* XCRemoteSwiftPackageReference "firebase-ios-sdk" */;
			productName = FirebaseAppCheck;
		};
		E5F77D0C2C549524003A2A43 /* FirebaseAppDistribution-Beta */ = {
			isa = XCSwiftPackageProductDependency;
			package = E5F77D012C549524003A2A43 /* XCRemoteSwiftPackageReference "firebase-ios-sdk" */;
			productName = "FirebaseAppDistribution-Beta";
		};
		E5F77D0E2C549524003A2A43 /* FirebaseAuth */ = {
			isa = XCSwiftPackageProductDependency;
			package = E5F77D012C549524003A2A43 /* XCRemoteSwiftPackageReference "firebase-ios-sdk" */;
			productName = FirebaseAuth;
		};
		E5F77D102C549524003A2A43 /* FirebaseAuthCombine-Community */ = {
			isa = XCSwiftPackageProductDependency;
			package = E5F77D012C549524003A2A43 /* XCRemoteSwiftPackageReference "firebase-ios-sdk" */;
			productName = "FirebaseAuthCombine-Community";
		};
		E5F77D122C549524003A2A43 /* FirebaseCrashlytics */ = {
			isa = XCSwiftPackageProductDependency;
			package = E5F77D012C549524003A2A43 /* XCRemoteSwiftPackageReference "firebase-ios-sdk" */;
			productName = FirebaseCrashlytics;
		};
		E5F77D142C549524003A2A43 /* FirebaseDatabase */ = {
			isa = XCSwiftPackageProductDependency;
			package = E5F77D012C549524003A2A43 /* XCRemoteSwiftPackageReference "firebase-ios-sdk" */;
			productName = FirebaseDatabase;
		};
		E5F77D162C549524003A2A43 /* FirebaseDatabaseSwift */ = {
			isa = XCSwiftPackageProductDependency;
			package = E5F77D012C549524003A2A43 /* XCRemoteSwiftPackageReference "firebase-ios-sdk" */;
			productName = FirebaseDatabaseSwift;
		};
		E5F77D182C549524003A2A43 /* FirebaseDynamicLinks */ = {
			isa = XCSwiftPackageProductDependency;
			package = E5F77D012C549524003A2A43 /* XCRemoteSwiftPackageReference "firebase-ios-sdk" */;
			productName = FirebaseDynamicLinks;
		};
		E5F77D1A2C549524003A2A43 /* FirebaseFirestore */ = {
			isa = XCSwiftPackageProductDependency;
			package = E5F77D012C549524003A2A43 /* XCRemoteSwiftPackageReference "firebase-ios-sdk" */;
			productName = FirebaseFirestore;
		};
		E5F77D1C2C549524003A2A43 /* FirebaseFirestoreCombine-Community */ = {
			isa = XCSwiftPackageProductDependency;
			package = E5F77D012C549524003A2A43 /* XCRemoteSwiftPackageReference "firebase-ios-sdk" */;
			productName = "FirebaseFirestoreCombine-Community";
		};
		E5F77D1E2C549524003A2A43 /* FirebaseFirestoreSwift */ = {
			isa = XCSwiftPackageProductDependency;
			package = E5F77D012C549524003A2A43 /* XCRemoteSwiftPackageReference "firebase-ios-sdk" */;
			productName = FirebaseFirestoreSwift;
		};
		E5F77D202C549524003A2A43 /* FirebaseFunctions */ = {
			isa = XCSwiftPackageProductDependency;
			package = E5F77D012C549524003A2A43 /* XCRemoteSwiftPackageReference "firebase-ios-sdk" */;
			productName = FirebaseFunctions;
		};
		E5F77D222C549524003A2A43 /* FirebaseFunctionsCombine-Community */ = {
			isa = XCSwiftPackageProductDependency;
			package = E5F77D012C549524003A2A43 /* XCRemoteSwiftPackageReference "firebase-ios-sdk" */;
			productName = "FirebaseFunctionsCombine-Community";
		};
		E5F77D242C549524003A2A43 /* FirebaseInAppMessaging-Beta */ = {
			isa = XCSwiftPackageProductDependency;
			package = E5F77D012C549524003A2A43 /* XCRemoteSwiftPackageReference "firebase-ios-sdk" */;
			productName = "FirebaseInAppMessaging-Beta";
		};
		E5F77D262C549524003A2A43 /* FirebaseInAppMessagingSwift-Beta */ = {
			isa = XCSwiftPackageProductDependency;
			package = E5F77D012C549524003A2A43 /* XCRemoteSwiftPackageReference "firebase-ios-sdk" */;
			productName = "FirebaseInAppMessagingSwift-Beta";
		};
		E5F77D282C549524003A2A43 /* FirebaseInstallations */ = {
			isa = XCSwiftPackageProductDependency;
			package = E5F77D012C549524003A2A43 /* XCRemoteSwiftPackageReference "firebase-ios-sdk" */;
			productName = FirebaseInstallations;
		};
		E5F77D2A2C549524003A2A43 /* FirebaseMLModelDownloader */ = {
			isa = XCSwiftPackageProductDependency;
			package = E5F77D012C549524003A2A43 /* XCRemoteSwiftPackageReference "firebase-ios-sdk" */;
			productName = FirebaseMLModelDownloader;
		};
		E5F77D2C2C549524003A2A43 /* FirebaseMessaging */ = {
			isa = XCSwiftPackageProductDependency;
			package = E5F77D012C549524003A2A43 /* XCRemoteSwiftPackageReference "firebase-ios-sdk" */;
			productName = FirebaseMessaging;
		};
		E5F77D2E2C549525003A2A43 /* FirebasePerformance */ = {
			isa = XCSwiftPackageProductDependency;
			package = E5F77D012C549524003A2A43 /* XCRemoteSwiftPackageReference "firebase-ios-sdk" */;
			productName = FirebasePerformance;
		};
		E5F77D302C549525003A2A43 /* FirebaseRemoteConfig */ = {
			isa = XCSwiftPackageProductDependency;
			package = E5F77D012C549524003A2A43 /* XCRemoteSwiftPackageReference "firebase-ios-sdk" */;
			productName = FirebaseRemoteConfig;
		};
		E5F77D322C549525003A2A43 /* FirebaseRemoteConfigSwift */ = {
			isa = XCSwiftPackageProductDependency;
			package = E5F77D012C549524003A2A43 /* XCRemoteSwiftPackageReference "firebase-ios-sdk" */;
			productName = FirebaseRemoteConfigSwift;
		};
		E5F77D342C549525003A2A43 /* FirebaseStorage */ = {
			isa = XCSwiftPackageProductDependency;
			package = E5F77D012C549524003A2A43 /* XCRemoteSwiftPackageReference "firebase-ios-sdk" */;
			productName = FirebaseStorage;
		};
		E5F77D362C549525003A2A43 /* FirebaseStorageCombine-Community */ = {
			isa = XCSwiftPackageProductDependency;
			package = E5F77D012C549524003A2A43 /* XCRemoteSwiftPackageReference "firebase-ios-sdk" */;
			productName = "FirebaseStorageCombine-Community";
		};
		E5F77D382C549525003A2A43 /* FirebaseVertexAI-Preview */ = {
			isa = XCSwiftPackageProductDependency;
			package = E5F77D012C549524003A2A43 /* XCRemoteSwiftPackageReference "firebase-ios-sdk" */;
			productName = "FirebaseVertexAI-Preview";
		};
		E5F77D3F2C54CC59003A2A43 /* ArcGISToolkit */ = {
			isa = XCSwiftPackageProductDependency;
			package = E5F77D3E2C54CC59003A2A43 /* XCRemoteSwiftPackageReference "arcgis-maps-sdk-swift-toolkit" */;
			productName = ArcGISToolkit;
		};
/* End XCSwiftPackageProductDependency section */
	};
	rootObject = F58AF29E2C5455D300B9881C /* Project object */;
}
